
Microsoft Visual Studio Solution File, Format Version 12.00
# Visual Studio 15
VisualStudioVersion = 15.0.27004.2009
MinimumVisualStudioVersion = 10.0.40219.1
Project("{9A19103F-16F7-4668-BE54-9A1E7A4F7556}") = "Leave", "Leave\Leave.csproj", "{326541A4-D441-4A84-BB2C-D99854C5226B}"
EndProject
Project("{2150E333-8FDC-42A3-9474-1A3956D46DE8}") = "Solution Items", "Solution Items", "{AC2AE67A-4C21-401C-B8CB-3229C2A67BE3}"
	ProjectSection(SolutionItems) = preProject
		Readme.MD = Readme.MD
	EndProjectSection
EndProject
Global
	GlobalSection(SolutionConfigurationPlatforms) = preSolution
		Debug|Any CPU = Debug|Any CPU
		Release|Any CPU = Release|Any CPU
	EndGlobalSection
	GlobalSection(ProjectConfigurationPlatforms) = postSolution
		{326541A4-D441-4A84-BB2C-D99854C5226B}.Debug|Any CPU.ActiveCfg = Debug|Any CPU
		{326541A4-D441-4A84-BB2C-D99854C5226B}.Debug|Any CPU.Build.0 = Debug|Any CPU
		{326541A4-D441-4A84-BB2C-D99854C5226B}.Release|Any CPU.ActiveCfg = Release|Any CPU
		{326541A4-D441-4A84-BB2C-D99854C5226B}.Release|Any CPU.Build.0 = Release|Any CPU
	EndGlobalSection
	GlobalSection(SolutionProperties) = preSolution
		HideSolutionNode = FALSE
	EndGlobalSection
	GlobalSection(ExtensibilityGlobals) = postSolution
		SolutionGuid = {5693BE2C-E021-478B-B66D-EF0EF3432798}
	EndGlobalSection
EndGlobal
